# This is a Gradle generated file for dependency locking.
# Manual edits can break the build and are not advised.
# This file is expected to be part of source control.
com.fasterxml.jackson.core:jackson-annotations:2.14.1=compileClasspath,default,runtimeClasspath,testCompileClasspath,testRuntimeClasspath
com.fasterxml.jackson:jackson-bom:2.14.1=compileClasspath,default,runtimeClasspath,testCompileClasspath,testRuntimeClasspath
org.projectlombok:lombok:1.18.20=annotationProcessor,compileClasspath
empty=archives,testAnnotationProcessor
